
Microsoft Visual Studio Solution File, Format Version 12.00
# Visual Studio Version 17
VisualStudioVersion = 17.10.35027.167
MinimumVisualStudioVersion = 10.0.40219.1
Project("{2150E333-8FDC-42A3-9474-1A3956D46DE8}") = "Apps", "Apps", "{3A20948F-B835-4C23-A970-34D686A5A4B9}"
EndProject
Project("{2150E333-8FDC-42A3-9474-1A3956D46DE8}") = "Frontend", "Frontend", "{C1586461-8B6C-4FD6-BF87-0BB3500B9033}"
EndProject
Project("{2150E333-8FDC-42A3-9474-1A3956D46DE8}") = "Backend", "Backend", "{55A1E9C8-4AF8-4D7B-9A78-C1CD051BB495}"
EndProject
Project("{2150E333-8FDC-42A3-9474-1A3956D46DE8}") = "Frontend", "Frontend", "{6FCE5731-7C31-4EBE-9DB2-D78DB745B6F5}"
EndProject
Project("{2150E333-8FDC-42A3-9474-1A3956D46DE8}") = "Backend", "Backend", "{F15632D0-6CEC-4E5E-ACA1-EB8F54EF0622}"
EndProject
Project("{2150E333-8FDC-42A3-9474-1A3956D46DE8}") = "Tests", "Tests", "{B71E6CA6-7960-42E5-883E-4FF0FC63F096}"
EndProject
Project("{2150E333-8FDC-42A3-9474-1A3956D46DE8}") = "UnitTest", "UnitTest", "{AC1C8015-3E4E-4088-AD01-2E1CF9AF728D}"
EndProject
Project("{2150E333-8FDC-42A3-9474-1A3956D46DE8}") = "IntegrationTest", "IntegrationTest", "{8985B6FC-4BED-49BC-8A4B-68949E7D55E5}"
EndProject
Project("{2150E333-8FDC-42A3-9474-1A3956D46DE8}") = "E2ETest", "E2ETest", "{B469F782-4C6D-4AB1-9DFD-B13F31210B36}"
EndProject
Project("{2150E333-8FDC-42A3-9474-1A3956D46DE8}") = "ComponentTest", "ComponentTest", "{DE59D6A0-7C84-40E2-8F4D-8766F1E3E4F2}"
EndProject
Project("{2150E333-8FDC-42A3-9474-1A3956D46DE8}") = "Solution Items", "Solution Items", "{C986F30B-672F-4E99-893B-7F727F8AD46F}"
	ProjectSection(SolutionItems) = preProject
		.dockerignore = .dockerignore
		.editorconfig = .editorconfig
		.gitattributes = .gitattributes
		.gitignore = .gitignore
		azure-pipelines.yml = azure-pipelines.yml
	EndProjectSection
EndProject
Project("{9A19103F-16F7-4668-BE54-9A1E7A4F7556}") = "CoreWebAPI", "Apps\Backend\CoreWebAPI\CoreWebAPI.csproj", "{172590AB-2808-4879-B942-79E7EBEF0108}"
EndProject
Project("{2150E333-8FDC-42A3-9474-1A3956D46DE8}") = "Shared", "Shared", "{E428104F-DCDC-4A25-8369-A3B9D640E1C1}"
EndProject
Project("{2150E333-8FDC-42A3-9474-1A3956D46DE8}") = "Shared", "Shared", "{7DDD562F-68B0-4C22-B3BB-7E4CCCD7B2A1}"
EndProject
Project("{2150E333-8FDC-42A3-9474-1A3956D46DE8}") = "Frontend", "Frontend", "{86182440-C5A3-4586-B62B-C407F0E2CC61}"
EndProject
Project("{2150E333-8FDC-42A3-9474-1A3956D46DE8}") = "Backend", "Backend", "{280C0F0F-A8E9-420F-9C71-B0EC2FB13017}"
EndProject
Project("{9A19103F-16F7-4668-BE54-9A1E7A4F7556}") = "Aspire.AppHost", "Aspire\Aspire.AppHost\Aspire.AppHost.csproj", "{C4021E12-C5DC-4FFD-9400-EB8F421C41DA}"
EndProject
Project("{9A19103F-16F7-4668-BE54-9A1E7A4F7556}") = "Aspire.ServiceDefaults", "Aspire\Aspire.ServiceDefaults\Aspire.ServiceDefaults.csproj", "{D17ED3B7-155D-463B-98A9-0E68446CCD11}"
EndProject
Project("{9A19103F-16F7-4668-BE54-9A1E7A4F7556}") = "BackendBusinessLogic", "BackendBusinessLogic\BackendBusinessLogic.csproj", "{E56C6658-A9FE-4C2E-B722-D5207AFB09D2}"
EndProject
Project("{9A19103F-16F7-4668-BE54-9A1E7A4F7556}") = "BackendBusinessObject", "BackendBusinessObject\BackendBusinessObject.csproj", "{D25228BB-60DD-4117-B9A1-CC4C4E5513B8}"
EndProject
Project("{9A19103F-16F7-4668-BE54-9A1E7A4F7556}") = "FrontendBusinessLogic", "FrontendBusinessLogic\FrontendBusinessLogic.csproj", "{C5FA3E6F-2274-4395-80CA-F0ADAD8F36FD}"
EndProject
Project("{9A19103F-16F7-4668-BE54-9A1E7A4F7556}") = "FrontendBusinessObject", "FrontendBusinessObject\FrontendBusinessObject.csproj", "{E704F9FC-67ED-4B56-BF30-F9BD7A8D266C}"
EndProject
Project("{9A19103F-16F7-4668-BE54-9A1E7A4F7556}") = "FrontendRCL", "FrontendRCL\FrontendRCL.csproj", "{84C70F11-3C1F-4EA0-936C-8842D2A7CFC5}"
EndProject
Project("{9A19103F-16F7-4668-BE54-9A1E7A4F7556}") = "SharedBackendDataAccess", "SharedBackendDataAccess\SharedBackendDataAccess.csproj", "{49A07A40-CC4F-4C8A-A18F-C0E3CDCC500D}"
EndProject
Project("{9A19103F-16F7-4668-BE54-9A1E7A4F7556}") = "SharedBackendBusinessObject", "SharedBackendBusinessObject\SharedBackendBusinessObject.csproj", "{C9807912-FB82-4468-8259-AAE2EF1EDB98}"
EndProject
Project("{9A19103F-16F7-4668-BE54-9A1E7A4F7556}") = "SharedBackendBusinessLogic", "SharedBackendBusinessLogic\SharedBackendBusinessLogic.csproj", "{2994AB69-D1A8-4AF6-A305-6803B7723D7E}"
EndProject
Project("{9A19103F-16F7-4668-BE54-9A1E7A4F7556}") = "SharedFrontendBusinessObject", "SharedFrontendBusinessObject\SharedFrontendBusinessObject.csproj", "{3CC5D93B-2BE2-420A-B995-B476F95FD599}"
EndProject
Project("{9A19103F-16F7-4668-BE54-9A1E7A4F7556}") = "SharedFrontendBusinessLogic", "SharedFrontendBusinessLogic\SharedFrontendBusinessLogic.csproj", "{DA00C7EB-378E-4817-A360-98E4C16C2C98}"
EndProject
Project("{9A19103F-16F7-4668-BE54-9A1E7A4F7556}") = "SharedFrontendRCL", "SharedFrontendRCL\SharedFrontendRCL.csproj", "{212EA5CC-FF54-4893-8128-1EBAD8726F36}"
EndProject
Project("{9A19103F-16F7-4668-BE54-9A1E7A4F7556}") = "SharedSharedBusinessObject", "SharedSharedBusinessObject\SharedSharedBusinessObject.csproj", "{24540253-1065-4EC7-9D73-9E6B48100AF3}"
EndProject
Project("{9A19103F-16F7-4668-BE54-9A1E7A4F7556}") = "BlazorWasmStandaloneApp", "BlazorWasmStandaloneApp\BlazorWasmStandaloneApp.csproj", "{9B8B0494-2D46-4093-8D27-8DE5C102D4FF}"
EndProject
Project("{9A19103F-16F7-4668-BE54-9A1E7A4F7556}") = "BackendDatabaseAccess", "BackendDatabaseAccess\BackendDatabaseAccess.csproj", "{9A1972BB-E95A-48C0-83A5-E229581121A6}"
EndProject
Project("{2150E333-8FDC-42A3-9474-1A3956D46DE8}") = "Database", "Database", "{29127776-57BF-4D73-8261-8A2D068137C8}"
EndProject
Global
	GlobalSection(SolutionConfigurationPlatforms) = preSolution
		Debug|Any CPU = Debug|Any CPU
		Release|Any CPU = Release|Any CPU
	EndGlobalSection
	GlobalSection(ProjectConfigurationPlatforms) = postSolution
		{172590AB-2808-4879-B942-79E7EBEF0108}.Debug|Any CPU.ActiveCfg = Debug|Any CPU
		{172590AB-2808-4879-B942-79E7EBEF0108}.Debug|Any CPU.Build.0 = Debug|Any CPU
		{172590AB-2808-4879-B942-79E7EBEF0108}.Release|Any CPU.ActiveCfg = Release|Any CPU
		{172590AB-2808-4879-B942-79E7EBEF0108}.Release|Any CPU.Build.0 = Release|Any CPU
		{C4021E12-C5DC-4FFD-9400-EB8F421C41DA}.Debug|Any CPU.ActiveCfg = Debug|Any CPU
		{C4021E12-C5DC-4FFD-9400-EB8F421C41DA}.Debug|Any CPU.Build.0 = Debug|Any CPU
		{C4021E12-C5DC-4FFD-9400-EB8F421C41DA}.Release|Any CPU.ActiveCfg = Release|Any CPU
		{C4021E12-C5DC-4FFD-9400-EB8F421C41DA}.Release|Any CPU.Build.0 = Release|Any CPU
		{D17ED3B7-155D-463B-98A9-0E68446CCD11}.Debug|Any CPU.ActiveCfg = Debug|Any CPU
		{D17ED3B7-155D-463B-98A9-0E68446CCD11}.Debug|Any CPU.Build.0 = Debug|Any CPU
		{D17ED3B7-155D-463B-98A9-0E68446CCD11}.Release|Any CPU.ActiveCfg = Release|Any CPU
		{D17ED3B7-155D-463B-98A9-0E68446CCD11}.Release|Any CPU.Build.0 = Release|Any CPU
		{E56C6658-A9FE-4C2E-B722-D5207AFB09D2}.Debug|Any CPU.ActiveCfg = Debug|Any CPU
		{E56C6658-A9FE-4C2E-B722-D5207AFB09D2}.Debug|Any CPU.Build.0 = Debug|Any CPU
		{E56C6658-A9FE-4C2E-B722-D5207AFB09D2}.Release|Any CPU.ActiveCfg = Release|Any CPU
		{E56C6658-A9FE-4C2E-B722-D5207AFB09D2}.Release|Any CPU.Build.0 = Release|Any CPU
		{D25228BB-60DD-4117-B9A1-CC4C4E5513B8}.Debug|Any CPU.ActiveCfg = Debug|Any CPU
		{D25228BB-60DD-4117-B9A1-CC4C4E5513B8}.Debug|Any CPU.Build.0 = Debug|Any CPU
		{D25228BB-60DD-4117-B9A1-CC4C4E5513B8}.Release|Any CPU.ActiveCfg = Release|Any CPU
		{D25228BB-60DD-4117-B9A1-CC4C4E5513B8}.Release|Any CPU.Build.0 = Release|Any CPU
		{C5FA3E6F-2274-4395-80CA-F0ADAD8F36FD}.Debug|Any CPU.ActiveCfg = Debug|Any CPU
		{C5FA3E6F-2274-4395-80CA-F0ADAD8F36FD}.Debug|Any CPU.Build.0 = Debug|Any CPU
		{C5FA3E6F-2274-4395-80CA-F0ADAD8F36FD}.Release|Any CPU.ActiveCfg = Release|Any CPU
		{C5FA3E6F-2274-4395-80CA-F0ADAD8F36FD}.Release|Any CPU.Build.0 = Release|Any CPU
		{E704F9FC-67ED-4B56-BF30-F9BD7A8D266C}.Debug|Any CPU.ActiveCfg = Debug|Any CPU
		{E704F9FC-67ED-4B56-BF30-F9BD7A8D266C}.Debug|Any CPU.Build.0 = Debug|Any CPU
		{E704F9FC-67ED-4B56-BF30-F9BD7A8D266C}.Release|Any CPU.ActiveCfg = Release|Any CPU
		{E704F9FC-67ED-4B56-BF30-F9BD7A8D266C}.Release|Any CPU.Build.0 = Release|Any CPU
		{84C70F11-3C1F-4EA0-936C-8842D2A7CFC5}.Debug|Any CPU.ActiveCfg = Debug|Any CPU
		{84C70F11-3C1F-4EA0-936C-8842D2A7CFC5}.Debug|Any CPU.Build.0 = Debug|Any CPU
		{84C70F11-3C1F-4EA0-936C-8842D2A7CFC5}.Release|Any CPU.ActiveCfg = Release|Any CPU
		{84C70F11-3C1F-4EA0-936C-8842D2A7CFC5}.Release|Any CPU.Build.0 = Release|Any CPU
		{49A07A40-CC4F-4C8A-A18F-C0E3CDCC500D}.Debug|Any CPU.ActiveCfg = Debug|Any CPU
		{49A07A40-CC4F-4C8A-A18F-C0E3CDCC500D}.Debug|Any CPU.Build.0 = Debug|Any CPU
		{49A07A40-CC4F-4C8A-A18F-C0E3CDCC500D}.Release|Any CPU.ActiveCfg = Release|Any CPU
		{49A07A40-CC4F-4C8A-A18F-C0E3CDCC500D}.Release|Any CPU.Build.0 = Release|Any CPU
		{C9807912-FB82-4468-8259-AAE2EF1EDB98}.Debug|Any CPU.ActiveCfg = Debug|Any CPU
		{C9807912-FB82-4468-8259-AAE2EF1EDB98}.Debug|Any CPU.Build.0 = Debug|Any CPU
		{C9807912-FB82-4468-8259-AAE2EF1EDB98}.Release|Any CPU.ActiveCfg = Release|Any CPU
		{C9807912-FB82-4468-8259-AAE2EF1EDB98}.Release|Any CPU.Build.0 = Release|Any CPU
		{2994AB69-D1A8-4AF6-A305-6803B7723D7E}.Debug|Any CPU.ActiveCfg = Debug|Any CPU
		{2994AB69-D1A8-4AF6-A305-6803B7723D7E}.Debug|Any CPU.Build.0 = Debug|Any CPU
		{2994AB69-D1A8-4AF6-A305-6803B7723D7E}.Release|Any CPU.ActiveCfg = Release|Any CPU
		{2994AB69-D1A8-4AF6-A305-6803B7723D7E}.Release|Any CPU.Build.0 = Release|Any CPU
		{3CC5D93B-2BE2-420A-B995-B476F95FD599}.Debug|Any CPU.ActiveCfg = Debug|Any CPU
		{3CC5D93B-2BE2-420A-B995-B476F95FD599}.Debug|Any CPU.Build.0 = Debug|Any CPU
		{3CC5D93B-2BE2-420A-B995-B476F95FD599}.Release|Any CPU.ActiveCfg = Release|Any CPU
		{3CC5D93B-2BE2-420A-B995-B476F95FD599}.Release|Any CPU.Build.0 = Release|Any CPU
		{DA00C7EB-378E-4817-A360-98E4C16C2C98}.Debug|Any CPU.ActiveCfg = Debug|Any CPU
		{DA00C7EB-378E-4817-A360-98E4C16C2C98}.Debug|Any CPU.Build.0 = Debug|Any CPU
		{DA00C7EB-378E-4817-A360-98E4C16C2C98}.Release|Any CPU.ActiveCfg = Release|Any CPU
		{DA00C7EB-378E-4817-A360-98E4C16C2C98}.Release|Any CPU.Build.0 = Release|Any CPU
		{212EA5CC-FF54-4893-8128-1EBAD8726F36}.Debug|Any CPU.ActiveCfg = Debug|Any CPU
		{212EA5CC-FF54-4893-8128-1EBAD8726F36}.Debug|Any CPU.Build.0 = Debug|Any CPU
		{212EA5CC-FF54-4893-8128-1EBAD8726F36}.Release|Any CPU.ActiveCfg = Release|Any CPU
		{212EA5CC-FF54-4893-8128-1EBAD8726F36}.Release|Any CPU.Build.0 = Release|Any CPU
		{24540253-1065-4EC7-9D73-9E6B48100AF3}.Debug|Any CPU.ActiveCfg = Debug|Any CPU
		{24540253-1065-4EC7-9D73-9E6B48100AF3}.Debug|Any CPU.Build.0 = Debug|Any CPU
		{24540253-1065-4EC7-9D73-9E6B48100AF3}.Release|Any CPU.ActiveCfg = Release|Any CPU
		{24540253-1065-4EC7-9D73-9E6B48100AF3}.Release|Any CPU.Build.0 = Release|Any CPU
		{9B8B0494-2D46-4093-8D27-8DE5C102D4FF}.Debug|Any CPU.ActiveCfg = Debug|Any CPU
		{9B8B0494-2D46-4093-8D27-8DE5C102D4FF}.Debug|Any CPU.Build.0 = Debug|Any CPU
		{9B8B0494-2D46-4093-8D27-8DE5C102D4FF}.Release|Any CPU.ActiveCfg = Release|Any CPU
		{9B8B0494-2D46-4093-8D27-8DE5C102D4FF}.Release|Any CPU.Build.0 = Release|Any CPU
		{9A1972BB-E95A-48C0-83A5-E229581121A6}.Debug|Any CPU.ActiveCfg = Debug|Any CPU
		{9A1972BB-E95A-48C0-83A5-E229581121A6}.Debug|Any CPU.Build.0 = Debug|Any CPU
		{9A1972BB-E95A-48C0-83A5-E229581121A6}.Release|Any CPU.ActiveCfg = Release|Any CPU
		{9A1972BB-E95A-48C0-83A5-E229581121A6}.Release|Any CPU.Build.0 = Release|Any CPU
	EndGlobalSection
	GlobalSection(SolutionProperties) = preSolution
		HideSolutionNode = FALSE
	EndGlobalSection
	GlobalSection(NestedProjects) = preSolution
		{C1586461-8B6C-4FD6-BF87-0BB3500B9033} = {3A20948F-B835-4C23-A970-34D686A5A4B9}
		{55A1E9C8-4AF8-4D7B-9A78-C1CD051BB495} = {3A20948F-B835-4C23-A970-34D686A5A4B9}
		{AC1C8015-3E4E-4088-AD01-2E1CF9AF728D} = {B71E6CA6-7960-42E5-883E-4FF0FC63F096}
		{8985B6FC-4BED-49BC-8A4B-68949E7D55E5} = {B71E6CA6-7960-42E5-883E-4FF0FC63F096}
		{B469F782-4C6D-4AB1-9DFD-B13F31210B36} = {B71E6CA6-7960-42E5-883E-4FF0FC63F096}
		{DE59D6A0-7C84-40E2-8F4D-8766F1E3E4F2} = {B71E6CA6-7960-42E5-883E-4FF0FC63F096}
		{172590AB-2808-4879-B942-79E7EBEF0108} = {55A1E9C8-4AF8-4D7B-9A78-C1CD051BB495}
		{7DDD562F-68B0-4C22-B3BB-7E4CCCD7B2A1} = {E428104F-DCDC-4A25-8369-A3B9D640E1C1}
		{86182440-C5A3-4586-B62B-C407F0E2CC61} = {E428104F-DCDC-4A25-8369-A3B9D640E1C1}
		{280C0F0F-A8E9-420F-9C71-B0EC2FB13017} = {E428104F-DCDC-4A25-8369-A3B9D640E1C1}
		{E56C6658-A9FE-4C2E-B722-D5207AFB09D2} = {F15632D0-6CEC-4E5E-ACA1-EB8F54EF0622}
		{D25228BB-60DD-4117-B9A1-CC4C4E5513B8} = {F15632D0-6CEC-4E5E-ACA1-EB8F54EF0622}
		{C5FA3E6F-2274-4395-80CA-F0ADAD8F36FD} = {6FCE5731-7C31-4EBE-9DB2-D78DB745B6F5}
		{E704F9FC-67ED-4B56-BF30-F9BD7A8D266C} = {6FCE5731-7C31-4EBE-9DB2-D78DB745B6F5}
		{84C70F11-3C1F-4EA0-936C-8842D2A7CFC5} = {6FCE5731-7C31-4EBE-9DB2-D78DB745B6F5}
		{49A07A40-CC4F-4C8A-A18F-C0E3CDCC500D} = {280C0F0F-A8E9-420F-9C71-B0EC2FB13017}
		{C9807912-FB82-4468-8259-AAE2EF1EDB98} = {280C0F0F-A8E9-420F-9C71-B0EC2FB13017}
		{2994AB69-D1A8-4AF6-A305-6803B7723D7E} = {280C0F0F-A8E9-420F-9C71-B0EC2FB13017}
		{3CC5D93B-2BE2-420A-B995-B476F95FD599} = {86182440-C5A3-4586-B62B-C407F0E2CC61}
		{DA00C7EB-378E-4817-A360-98E4C16C2C98} = {86182440-C5A3-4586-B62B-C407F0E2CC61}
		{212EA5CC-FF54-4893-8128-1EBAD8726F36} = {86182440-C5A3-4586-B62B-C407F0E2CC61}
		{24540253-1065-4EC7-9D73-9E6B48100AF3} = {7DDD562F-68B0-4C22-B3BB-7E4CCCD7B2A1}
		{9B8B0494-2D46-4093-8D27-8DE5C102D4FF} = {C1586461-8B6C-4FD6-BF87-0BB3500B9033}
		{9A1972BB-E95A-48C0-83A5-E229581121A6} = {29127776-57BF-4D73-8261-8A2D068137C8}
		{29127776-57BF-4D73-8261-8A2D068137C8} = {F15632D0-6CEC-4E5E-ACA1-EB8F54EF0622}
	EndGlobalSection
	GlobalSection(ExtensibilityGlobals) = postSolution
		SolutionGuid = {F32B14EA-EF09-4C5F-B0B3-F57529ACEABF}
	EndGlobalSection
EndGlobal
